// !$*UTF8*$!
{
	archiveVersion = 1;
	classes = {
	};
	objectVersion = 56;
	objects = {

/* Begin PBXBuildFile section */
		0A3AA0DB2ACFBBD800DDF176 /* InfiniteScrollGalleryApp.swift in Sources */ = {isa = PBXBuildFile; fileRef = 0A3AA0DA2ACFBBD800DDF176 /* InfiniteScrollGalleryApp.swift */; };
		0A3AA0DD2ACFBBD800DDF176 /* ContentView.swift in Sources */ = {isa = PBXBuildFile; fileRef = 0A3AA0DC2ACFBBD800DDF176 /* ContentView.swift */; };
		0A3AA0DF2ACFBBDA00DDF176 /* Assets.xcassets in Resources */ = {isa = PBXBuildFile; fileRef = 0A3AA0DE2ACFBBDA00DDF176 /* Assets.xcassets */; };
		0A3AA0E22ACFBBDA00DDF176 /* Preview Assets.xcassets in Resources */ = {isa = PBXBuildFile; fileRef = 0A3AA0E12ACFBBDA00DDF176 /* Preview Assets.xcassets */; };
		0A3AA0EC2ACFBBDA00DDF176 /* InfiniteScrollGalleryTests.swift in Sources */ = {isa = PBXBuildFile; fileRef = 0A3AA0EB2ACFBBDA00DDF176 /* InfiniteScrollGalleryTests.swift */; };
		0A3AA0F62ACFBBDA00DDF176 /* InfiniteScrollGalleryUITests.swift in Sources */ = {isa = PBXBuildFile; fileRef = 0A3AA0F52ACFBBDA00DDF176 /* InfiniteScrollGalleryUITests.swift */; };
		0A3AA0F82ACFBBDA00DDF176 /* InfiniteScrollGalleryUITestsLaunchTests.swift in Sources */ = {isa = PBXBuildFile; fileRef = 0A3AA0F72ACFBBDA00DDF176 /* InfiniteScrollGalleryUITestsLaunchTests.swift */; };
		0A3AA1082ACFBC2000DDF176 /* APIService.swift in Sources */ = {isa = PBXBuildFile; fileRef = 0A3AA1072ACFBC2000DDF176 /* APIService.swift */; };
		0A3AA10B2ACFBC5200DDF176 /* GalleryResponse.swift in Sources */ = {isa = PBXBuildFile; fileRef = 0A3AA10A2ACFBC5200DDF176 /* GalleryResponse.swift */; };
		0A3AA10D2ACFBDE700DDF176 /* Pagination.swift in Sources */ = {isa = PBXBuildFile; fileRef = 0A3AA10C2ACFBDE700DDF176 /* Pagination.swift */; };
		0A3AA10F2ACFBDF300DDF176 /* Gallery.swift in Sources */ = {isa = PBXBuildFile; fileRef = 0A3AA10E2ACFBDF300DDF176 /* Gallery.swift */; };
		0A3AA1112ACFBFB000DDF176 /* GalleryRepository.swift in Sources */ = {isa = PBXBuildFile; fileRef = 0A3AA1102ACFBFB000DDF176 /* GalleryRepository.swift */; };
		0A3AA1142ACFC06400DDF176 /* FetchGallery.swift in Sources */ = {isa = PBXBuildFile; fileRef = 0A3AA1132ACFC06400DDF176 /* FetchGallery.swift */; };
		0A3AA11A2ACFC0F200DDF176 /* ServiceProvider.swift in Sources */ = {isa = PBXBuildFile; fileRef = 0A3AA1192ACFC0F200DDF176 /* ServiceProvider.swift */; };
		0A3AA11D2ACFC17500DDF176 /* GalleryViewModel.swift in Sources */ = {isa = PBXBuildFile; fileRef = 0A3AA11C2ACFC17500DDF176 /* GalleryViewModel.swift */; };
		0A3AA11F2ACFC2EB00DDF176 /* GalleryView.swift in Sources */ = {isa = PBXBuildFile; fileRef = 0A3AA11E2ACFC2EB00DDF176 /* GalleryView.swift */; };
		0ADBC1072AE80BBA008639D3 /* AppDelegate.swift in Sources */ = {isa = PBXBuildFile; fileRef = 0ADBC1062AE80BBA008639D3 /* AppDelegate.swift */; };
		0ADBC1092AE80BC8008639D3 /* SceneDelegate.swift in Sources */ = {isa = PBXBuildFile; fileRef = 0ADBC1082AE80BC8008639D3 /* SceneDelegate.swift */; };
		0ADBC10B2AE80C02008639D3 /* GalleryViewController.swift in Sources */ = {isa = PBXBuildFile; fileRef = 0ADBC10A2AE80C02008639D3 /* GalleryViewController.swift */; };
		0ADBC10E2AE8BFBB008639D3 /* GalleryUIView.swift in Sources */ = {isa = PBXBuildFile; fileRef = 0ADBC10D2AE8BFBB008639D3 /* GalleryUIView.swift */; };
		0ADBC1102AE8C003008639D3 /* GalleryCell.swift in Sources */ = {isa = PBXBuildFile; fileRef = 0ADBC10F2AE8C003008639D3 /* GalleryCell.swift */; };
		0AFDE6462AD0514B00871891 /* Config.swift in Sources */ = {isa = PBXBuildFile; fileRef = 0AFDE6452AD0514B00871891 /* Config.swift */; };
		0AFDE6482AD0525F00871891 /* ApiServiceTest.swift in Sources */ = {isa = PBXBuildFile; fileRef = 0AFDE6472AD0525F00871891 /* ApiServiceTest.swift */; };
		0AFDE64C2AD052A900871891 /* JsonHelper.swift in Sources */ = {isa = PBXBuildFile; fileRef = 0AFDE64B2AD052A900871891 /* JsonHelper.swift */; };
		0AFDE6512AD0537E00871891 /* MockURLProtocol.swift in Sources */ = {isa = PBXBuildFile; fileRef = 0AFDE6502AD0537E00871891 /* MockURLProtocol.swift */; };
		0AFDE6532AD0546C00871891 /* GalleryRepositoryTest.swift in Sources */ = {isa = PBXBuildFile; fileRef = 0AFDE6522AD0546C00871891 /* GalleryRepositoryTest.swift */; };
		0AFDE6542AD055E700871891 /* GalleryResponse.json in Resources */ = {isa = PBXBuildFile; fileRef = 0AFDE64E2AD0531E00871891 /* GalleryResponse.json */; };
		0AFDE6572AD0575A00871891 /* MockAPIService.swift in Sources */ = {isa = PBXBuildFile; fileRef = 0AFDE6562AD0575A00871891 /* MockAPIService.swift */; };
		0AFDE6592AD057B400871891 /* DummyBuilder.swift in Sources */ = {isa = PBXBuildFile; fileRef = 0AFDE6582AD057B400871891 /* DummyBuilder.swift */; };
		0AFDE65B2AD0581200871891 /* RandomStrings.swift in Sources */ = {isa = PBXBuildFile; fileRef = 0AFDE65A2AD0581200871891 /* RandomStrings.swift */; };
		0AFDE65D2AD058B800871891 /* PublisherResult.swift in Sources */ = {isa = PBXBuildFile; fileRef = 0AFDE65C2AD058B800871891 /* PublisherResult.swift */; };
		0AFDE6602AD059AA00871891 /* GalleryViewModelTest.swift in Sources */ = {isa = PBXBuildFile; fileRef = 0AFDE65F2AD059AA00871891 /* GalleryViewModelTest.swift */; };
		0AFDE6632AD059C000871891 /* FetchGalleryTest.swift in Sources */ = {isa = PBXBuildFile; fileRef = 0AFDE6622AD059C000871891 /* FetchGalleryTest.swift */; };
		0AFDE6652AD059CC00871891 /* MockGalleryRepository.swift in Sources */ = {isa = PBXBuildFile; fileRef = 0AFDE6642AD059CC00871891 /* MockGalleryRepository.swift */; };
		0AFDE6682AD05BEF00871891 /* MockFetchGallery.swift in Sources */ = {isa = PBXBuildFile; fileRef = 0AFDE6672AD05BEF00871891 /* MockFetchGallery.swift */; };
		0AFDE66A2AD109E800871891 /* SearchGallery.swift in Sources */ = {isa = PBXBuildFile; fileRef = 0AFDE6692AD109E800871891 /* SearchGallery.swift */; };
		0AFDE66D2AD1197200871891 /* Array.swift in Sources */ = {isa = PBXBuildFile; fileRef = 0AFDE66C2AD1197200871891 /* Array.swift */; };
		0AFDE66F2AD2682300871891 /* GalleryViewState.swift in Sources */ = {isa = PBXBuildFile; fileRef = 0AFDE66E2AD2682300871891 /* GalleryViewState.swift */; };
		0AFDE6712AD26C6100871891 /* GalleryErrorState.swift in Sources */ = {isa = PBXBuildFile; fileRef = 0AFDE6702AD26C6100871891 /* GalleryErrorState.swift */; };
		0AFDE6732AD26C6A00871891 /* GalleryAction.swift in Sources */ = {isa = PBXBuildFile; fileRef = 0AFDE6722AD26C6A00871891 /* GalleryAction.swift */; };
		0AFDE6762AD26CCE00871891 /* ApiConstant.swift in Sources */ = {isa = PBXBuildFile; fileRef = 0AFDE6752AD26CCE00871891 /* ApiConstant.swift */; };
		0AFDE6782AD2712A00871891 /* MockSearchGallery.swift in Sources */ = {isa = PBXBuildFile; fileRef = 0AFDE6772AD2712900871891 /* MockSearchGallery.swift */; };
		0AFDE67A2AD2B5CF00871891 /* SearchGalleryTest.swift in Sources */ = {isa = PBXBuildFile; fileRef = 0AFDE6792AD2B5CF00871891 /* SearchGalleryTest.swift */; };
		0AFDE67C2AD2BE5300871891 /* RepositoryProvider.swift in Sources */ = {isa = PBXBuildFile; fileRef = 0AFDE67B2AD2BE5300871891 /* RepositoryProvider.swift */; };
		0AFDE67E2AD2BE5B00871891 /* UsecaseProvider.swift in Sources */ = {isa = PBXBuildFile; fileRef = 0AFDE67D2AD2BE5B00871891 /* UsecaseProvider.swift */; };
		0AFDE6802AD2BE6300871891 /* ViewModelProvider.swift in Sources */ = {isa = PBXBuildFile; fileRef = 0AFDE67F2AD2BE6300871891 /* ViewModelProvider.swift */; };
		59160A40C38A71B0B7A4A698 /* Pods_InfiniteScrollGalleryTests.framework in Frameworks */ = {isa = PBXBuildFile; fileRef = C280635BA634DC16C5DBEFC2 /* Pods_InfiniteScrollGalleryTests.framework */; };
		709A3A5A8C14C94F65006249 /* Pods_InfiniteScrollGallery.framework in Frameworks */ = {isa = PBXBuildFile; fileRef = 7799BFC9F72CB0086FF2D5C9 /* Pods_InfiniteScrollGallery.framework */; };
		8F865E9DB1941B292D8A1D2A /* Pods_InfiniteScrollGallery_InfiniteScrollGalleryUITests.framework in Frameworks */ = {isa = PBXBuildFile; fileRef = 67063C23D286EB0FF895667C /* Pods_InfiniteScrollGallery_InfiniteScrollGalleryUITests.framework */; };
/* End PBXBuildFile section */

/* Begin PBXContainerItemProxy section */
		0A3AA0E82ACFBBDA00DDF176 /* PBXContainerItemProxy */ = {
			isa = PBXContainerItemProxy;
			containerPortal = 0A3AA0CF2ACFBBD800DDF176 /* Project object */;
			proxyType = 1;
			remoteGlobalIDString = 0A3AA0D62ACFBBD800DDF176;
			remoteInfo = InfiniteScrollGallery;
		};
		0A3AA0F22ACFBBDA00DDF176 /* PBXContainerItemProxy */ = {
			isa = PBXContainerItemProxy;
			containerPortal = 0A3AA0CF2ACFBBD800DDF176 /* Project object */;
			proxyType = 1;
			remoteGlobalIDString = 0A3AA0D62ACFBBD800DDF176;
			remoteInfo = InfiniteScrollGallery;
		};
/* End PBXContainerItemProxy section */

/* Begin PBXFileReference section */
		0A3AA0D72ACFBBD800DDF176 /* InfiniteScrollGallery.app */ = {isa = PBXFileReference; explicitFileType = wrapper.application; includeInIndex = 0; path = InfiniteScrollGallery.app; sourceTree = BUILT_PRODUCTS_DIR; };
		0A3AA0DA2ACFBBD800DDF176 /* InfiniteScrollGalleryApp.swift */ = {isa = PBXFileReference; lastKnownFileType = sourcecode.swift; path = InfiniteScrollGalleryApp.swift; sourceTree = "<group>"; };
		0A3AA0DC2ACFBBD800DDF176 /* ContentView.swift */ = {isa = PBXFileReference; lastKnownFileType = sourcecode.swift; path = ContentView.swift; sourceTree = "<group>"; };
		0A3AA0DE2ACFBBDA00DDF176 /* Assets.xcassets */ = {isa = PBXFileReference; lastKnownFileType = folder.assetcatalog; path = Assets.xcassets; sourceTree = "<group>"; };
		0A3AA0E12ACFBBDA00DDF176 /* Preview Assets.xcassets */ = {isa = PBXFileReference; lastKnownFileType = folder.assetcatalog; path = "Preview Assets.xcassets"; sourceTree = "<group>"; };
		0A3AA0E72ACFBBDA00DDF176 /* InfiniteScrollGalleryTests.xctest */ = {isa = PBXFileReference; explicitFileType = wrapper.cfbundle; includeInIndex = 0; path = InfiniteScrollGalleryTests.xctest; sourceTree = BUILT_PRODUCTS_DIR; };
		0A3AA0EB2ACFBBDA00DDF176 /* InfiniteScrollGalleryTests.swift */ = {isa = PBXFileReference; lastKnownFileType = sourcecode.swift; path = InfiniteScrollGalleryTests.swift; sourceTree = "<group>"; };
		0A3AA0F12ACFBBDA00DDF176 /* InfiniteScrollGalleryUITests.xctest */ = {isa = PBXFileReference; explicitFileType = wrapper.cfbundle; includeInIndex = 0; path = InfiniteScrollGalleryUITests.xctest; sourceTree = BUILT_PRODUCTS_DIR; };
		0A3AA0F52ACFBBDA00DDF176 /* InfiniteScrollGalleryUITests.swift */ = {isa = PBXFileReference; lastKnownFileType = sourcecode.swift; path = InfiniteScrollGalleryUITests.swift; sourceTree = "<group>"; };
		0A3AA0F72ACFBBDA00DDF176 /* InfiniteScrollGalleryUITestsLaunchTests.swift */ = {isa = PBXFileReference; lastKnownFileType = sourcecode.swift; path = InfiniteScrollGalleryUITestsLaunchTests.swift; sourceTree = "<group>"; };
		0A3AA1072ACFBC2000DDF176 /* APIService.swift */ = {isa = PBXFileReference; lastKnownFileType = sourcecode.swift; path = APIService.swift; sourceTree = "<group>"; };
		0A3AA10A2ACFBC5200DDF176 /* GalleryResponse.swift */ = {isa = PBXFileReference; lastKnownFileType = sourcecode.swift; path = GalleryResponse.swift; sourceTree = "<group>"; };
		0A3AA10C2ACFBDE700DDF176 /* Pagination.swift */ = {isa = PBXFileReference; lastKnownFileType = sourcecode.swift; path = Pagination.swift; sourceTree = "<group>"; };
		0A3AA10E2ACFBDF300DDF176 /* Gallery.swift */ = {isa = PBXFileReference; lastKnownFileType = sourcecode.swift; path = Gallery.swift; sourceTree = "<group>"; };
		0A3AA1102ACFBFB000DDF176 /* GalleryRepository.swift */ = {isa = PBXFileReference; lastKnownFileType = sourcecode.swift; path = GalleryRepository.swift; sourceTree = "<group>"; };
		0A3AA1132ACFC06400DDF176 /* FetchGallery.swift */ = {isa = PBXFileReference; lastKnownFileType = sourcecode.swift; path = FetchGallery.swift; sourceTree = "<group>"; };
		0A3AA1192ACFC0F200DDF176 /* ServiceProvider.swift */ = {isa = PBXFileReference; lastKnownFileType = sourcecode.swift; path = ServiceProvider.swift; sourceTree = "<group>"; };
		0A3AA11C2ACFC17500DDF176 /* GalleryViewModel.swift */ = {isa = PBXFileReference; lastKnownFileType = sourcecode.swift; path = GalleryViewModel.swift; sourceTree = "<group>"; };
		0A3AA11E2ACFC2EB00DDF176 /* GalleryView.swift */ = {isa = PBXFileReference; lastKnownFileType = sourcecode.swift; path = GalleryView.swift; sourceTree = "<group>"; };
		0ADBC1062AE80BBA008639D3 /* AppDelegate.swift */ = {isa = PBXFileReference; lastKnownFileType = sourcecode.swift; path = AppDelegate.swift; sourceTree = "<group>"; };
		0ADBC1082AE80BC8008639D3 /* SceneDelegate.swift */ = {isa = PBXFileReference; lastKnownFileType = sourcecode.swift; path = SceneDelegate.swift; sourceTree = "<group>"; };
		0ADBC10A2AE80C02008639D3 /* GalleryViewController.swift */ = {isa = PBXFileReference; lastKnownFileType = sourcecode.swift; path = GalleryViewController.swift; sourceTree = "<group>"; };
		0ADBC10C2AE80D12008639D3 /* Info.plist */ = {isa = PBXFileReference; lastKnownFileType = text.plist; path = Info.plist; sourceTree = "<group>"; };
		0ADBC10D2AE8BFBB008639D3 /* GalleryUIView.swift */ = {isa = PBXFileReference; lastKnownFileType = sourcecode.swift; path = GalleryUIView.swift; sourceTree = "<group>"; };
		0ADBC10F2AE8C003008639D3 /* GalleryCell.swift */ = {isa = PBXFileReference; lastKnownFileType = sourcecode.swift; path = GalleryCell.swift; sourceTree = "<group>"; };
		0AFDE6452AD0514B00871891 /* Config.swift */ = {isa = PBXFileReference; lastKnownFileType = sourcecode.swift; path = Config.swift; sourceTree = "<group>"; };
		0AFDE6472AD0525F00871891 /* ApiServiceTest.swift */ = {isa = PBXFileReference; lastKnownFileType = sourcecode.swift; path = ApiServiceTest.swift; sourceTree = "<group>"; };
		0AFDE64B2AD052A900871891 /* JsonHelper.swift */ = {isa = PBXFileReference; lastKnownFileType = sourcecode.swift; path = JsonHelper.swift; sourceTree = "<group>"; };
		0AFDE64E2AD0531E00871891 /* GalleryResponse.json */ = {isa = PBXFileReference; lastKnownFileType = text.json; path = GalleryResponse.json; sourceTree = "<group>"; };
		0AFDE6502AD0537E00871891 /* MockURLProtocol.swift */ = {isa = PBXFileReference; lastKnownFileType = sourcecode.swift; path = MockURLProtocol.swift; sourceTree = "<group>"; };
		0AFDE6522AD0546C00871891 /* GalleryRepositoryTest.swift */ = {isa = PBXFileReference; lastKnownFileType = sourcecode.swift; path = GalleryRepositoryTest.swift; sourceTree = "<group>"; };
		0AFDE6562AD0575A00871891 /* MockAPIService.swift */ = {isa = PBXFileReference; lastKnownFileType = sourcecode.swift; path = MockAPIService.swift; sourceTree = "<group>"; };
		0AFDE6582AD057B400871891 /* DummyBuilder.swift */ = {isa = PBXFileReference; lastKnownFileType = sourcecode.swift; path = DummyBuilder.swift; sourceTree = "<group>"; };
		0AFDE65A2AD0581200871891 /* RandomStrings.swift */ = {isa = PBXFileReference; lastKnownFileType = sourcecode.swift; path = RandomStrings.swift; sourceTree = "<group>"; };
		0AFDE65C2AD058B800871891 /* PublisherResult.swift */ = {isa = PBXFileReference; lastKnownFileType = sourcecode.swift; path = PublisherResult.swift; sourceTree = "<group>"; };
		0AFDE65F2AD059AA00871891 /* GalleryViewModelTest.swift */ = {isa = PBXFileReference; lastKnownFileType = sourcecode.swift; path = GalleryViewModelTest.swift; sourceTree = "<group>"; };
		0AFDE6622AD059C000871891 /* FetchGalleryTest.swift */ = {isa = PBXFileReference; lastKnownFileType = sourcecode.swift; path = FetchGalleryTest.swift; sourceTree = "<group>"; };
		0AFDE6642AD059CC00871891 /* MockGalleryRepository.swift */ = {isa = PBXFileReference; lastKnownFileType = sourcecode.swift; path = MockGalleryRepository.swift; sourceTree = "<group>"; };
		0AFDE6672AD05BEF00871891 /* MockFetchGallery.swift */ = {isa = PBXFileReference; lastKnownFileType = sourcecode.swift; path = MockFetchGallery.swift; sourceTree = "<group>"; };
		0AFDE6692AD109E800871891 /* SearchGallery.swift */ = {isa = PBXFileReference; lastKnownFileType = sourcecode.swift; path = SearchGallery.swift; sourceTree = "<group>"; };
		0AFDE66C2AD1197200871891 /* Array.swift */ = {isa = PBXFileReference; lastKnownFileType = sourcecode.swift; path = Array.swift; sourceTree = "<group>"; };
		0AFDE66E2AD2682300871891 /* GalleryViewState.swift */ = {isa = PBXFileReference; lastKnownFileType = sourcecode.swift; path = GalleryViewState.swift; sourceTree = "<group>"; };
		0AFDE6702AD26C6100871891 /* GalleryErrorState.swift */ = {isa = PBXFileReference; lastKnownFileType = sourcecode.swift; path = GalleryErrorState.swift; sourceTree = "<group>"; };
		0AFDE6722AD26C6A00871891 /* GalleryAction.swift */ = {isa = PBXFileReference; lastKnownFileType = sourcecode.swift; path = GalleryAction.swift; sourceTree = "<group>"; };
		0AFDE6752AD26CCE00871891 /* ApiConstant.swift */ = {isa = PBXFileReference; lastKnownFileType = sourcecode.swift; path = ApiConstant.swift; sourceTree = "<group>"; };
		0AFDE6772AD2712900871891 /* MockSearchGallery.swift */ = {isa = PBXFileReference; lastKnownFileType = sourcecode.swift; path = MockSearchGallery.swift; sourceTree = "<group>"; };
		0AFDE6792AD2B5CF00871891 /* SearchGalleryTest.swift */ = {isa = PBXFileReference; lastKnownFileType = sourcecode.swift; path = SearchGalleryTest.swift; sourceTree = "<group>"; };
		0AFDE67B2AD2BE5300871891 /* RepositoryProvider.swift */ = {isa = PBXFileReference; lastKnownFileType = sourcecode.swift; path = RepositoryProvider.swift; sourceTree = "<group>"; };
		0AFDE67D2AD2BE5B00871891 /* UsecaseProvider.swift */ = {isa = PBXFileReference; lastKnownFileType = sourcecode.swift; path = UsecaseProvider.swift; sourceTree = "<group>"; };
		0AFDE67F2AD2BE6300871891 /* ViewModelProvider.swift */ = {isa = PBXFileReference; lastKnownFileType = sourcecode.swift; path = ViewModelProvider.swift; sourceTree = "<group>"; };
		4D2EEBA1A74D5FC1E31604FF /* Pods-InfiniteScrollGallery.release.xcconfig */ = {isa = PBXFileReference; includeInIndex = 1; lastKnownFileType = text.xcconfig; name = "Pods-InfiniteScrollGallery.release.xcconfig"; path = "Target Support Files/Pods-InfiniteScrollGallery/Pods-InfiniteScrollGallery.release.xcconfig"; sourceTree = "<group>"; };
		67063C23D286EB0FF895667C /* Pods_InfiniteScrollGallery_InfiniteScrollGalleryUITests.framework */ = {isa = PBXFileReference; explicitFileType = wrapper.framework; includeInIndex = 0; path = Pods_InfiniteScrollGallery_InfiniteScrollGalleryUITests.framework; sourceTree = BUILT_PRODUCTS_DIR; };
		7799BFC9F72CB0086FF2D5C9 /* Pods_InfiniteScrollGallery.framework */ = {isa = PBXFileReference; explicitFileType = wrapper.framework; includeInIndex = 0; path = Pods_InfiniteScrollGallery.framework; sourceTree = BUILT_PRODUCTS_DIR; };
		89BC48C667A3CF152D898ACC /* Pods-InfiniteScrollGallery-InfiniteScrollGalleryUITests.debug.xcconfig */ = {isa = PBXFileReference; includeInIndex = 1; lastKnownFileType = text.xcconfig; name = "Pods-InfiniteScrollGallery-InfiniteScrollGalleryUITests.debug.xcconfig"; path = "Target Support Files/Pods-InfiniteScrollGallery-InfiniteScrollGalleryUITests/Pods-InfiniteScrollGallery-InfiniteScrollGalleryUITests.debug.xcconfig"; sourceTree = "<group>"; };
		A0CFA9A86B1EB527306B1E84 /* Pods-InfiniteScrollGallery-InfiniteScrollGalleryUITests.release.xcconfig */ = {isa = PBXFileReference; includeInIndex = 1; lastKnownFileType = text.xcconfig; name = "Pods-InfiniteScrollGallery-InfiniteScrollGalleryUITests.release.xcconfig"; path = "Target Support Files/Pods-InfiniteScrollGallery-InfiniteScrollGalleryUITests/Pods-InfiniteScrollGallery-InfiniteScrollGalleryUITests.release.xcconfig"; sourceTree = "<group>"; };
		C280635BA634DC16C5DBEFC2 /* Pods_InfiniteScrollGalleryTests.framework */ = {isa = PBXFileReference; explicitFileType = wrapper.framework; includeInIndex = 0; path = Pods_InfiniteScrollGalleryTests.framework; sourceTree = BUILT_PRODUCTS_DIR; };
		E3FD3638C4D0CA5336073D2A /* Pods-InfiniteScrollGalleryTests.debug.xcconfig */ = {isa = PBXFileReference; includeInIndex = 1; lastKnownFileType = text.xcconfig; name = "Pods-InfiniteScrollGalleryTests.debug.xcconfig"; path = "Target Support Files/Pods-InfiniteScrollGalleryTests/Pods-InfiniteScrollGalleryTests.debug.xcconfig"; sourceTree = "<group>"; };
		F1C760B744D2A2D7A1040011 /* Pods-InfiniteScrollGallery.debug.xcconfig */ = {isa = PBXFileReference; includeInIndex = 1; lastKnownFileType = text.xcconfig; name = "Pods-InfiniteScrollGallery.debug.xcconfig"; path = "Target Support Files/Pods-InfiniteScrollGallery/Pods-InfiniteScrollGallery.debug.xcconfig"; sourceTree = "<group>"; };
		F564AC00B48529D89196CBB7 /* Pods-InfiniteScrollGalleryTests.release.xcconfig */ = {isa = PBXFileReference; includeInIndex = 1; lastKnownFileType = text.xcconfig; name = "Pods-InfiniteScrollGalleryTests.release.xcconfig"; path = "Target Support Files/Pods-InfiniteScrollGalleryTests/Pods-InfiniteScrollGalleryTests.release.xcconfig"; sourceTree = "<group>"; };
/* End PBXFileReference section */

/* Begin PBXFrameworksBuildPhase section */
		0A3AA0D42ACFBBD800DDF176 /* Frameworks */ = {
			isa = PBXFrameworksBuildPhase;
			buildActionMask = 2147483647;
			files = (
				709A3A5A8C14C94F65006249 /* Pods_InfiniteScrollGallery.framework in Frameworks */,
			);
			runOnlyForDeploymentPostprocessing = 0;
		};
		0A3AA0E42ACFBBDA00DDF176 /* Frameworks */ = {
			isa = PBXFrameworksBuildPhase;
			buildActionMask = 2147483647;
			files = (
				59160A40C38A71B0B7A4A698 /* Pods_InfiniteScrollGalleryTests.framework in Frameworks */,
			);
			runOnlyForDeploymentPostprocessing = 0;
		};
		0A3AA0EE2ACFBBDA00DDF176 /* Frameworks */ = {
			isa = PBXFrameworksBuildPhase;
			buildActionMask = 2147483647;
			files = (
				8F865E9DB1941B292D8A1D2A /* Pods_InfiniteScrollGallery_InfiniteScrollGalleryUITests.framework in Frameworks */,
			);
			runOnlyForDeploymentPostprocessing = 0;
		};
/* End PBXFrameworksBuildPhase section */

/* Begin PBXGroup section */
		0A3AA0CE2ACFBBD800DDF176 = {
			isa = PBXGroup;
			children = (
				0A3AA0D92ACFBBD800DDF176 /* InfiniteScrollGallery */,
				0A3AA0EA2ACFBBDA00DDF176 /* InfiniteScrollGalleryTests */,
				0A3AA0F42ACFBBDA00DDF176 /* InfiniteScrollGalleryUITests */,
				0A3AA0D82ACFBBD800DDF176 /* Products */,
				F36D5C023A1BDA31197184C6 /* Pods */,
				C4716D53B8F0BD2938DCE0DD /* Frameworks */,
			);
			sourceTree = "<group>";
		};
		0A3AA0D82ACFBBD800DDF176 /* Products */ = {
			isa = PBXGroup;
			children = (
				0A3AA0D72ACFBBD800DDF176 /* InfiniteScrollGallery.app */,
				0A3AA0E72ACFBBDA00DDF176 /* InfiniteScrollGalleryTests.xctest */,
				0A3AA0F12ACFBBDA00DDF176 /* InfiniteScrollGalleryUITests.xctest */,
			);
			name = Products;
			sourceTree = "<group>";
		};
		0A3AA0D92ACFBBD800DDF176 /* InfiniteScrollGallery */ = {
			isa = PBXGroup;
			children = (
				0ADBC10C2AE80D12008639D3 /* Info.plist */,
				0AFDE6742AD26CC300871891 /* Constant */,
				0AFDE66B2AD1196700871891 /* Extension */,
				0A3AA1182ACFC0DE00DDF176 /* Dependency */,
				0A3AA1122ACFC05900DDF176 /* Domain */,
				0A3AA1092ACFBC4300DDF176 /* Model */,
				0A3AA1152ACFC0D300DDF176 /* View */,
				0A3AA11B2ACFC16A00DDF176 /* ViewModel */,
				0A3AA1042ACFBBFC00DDF176 /* Service */,
				0A3AA0DA2ACFBBD800DDF176 /* InfiniteScrollGalleryApp.swift */,
				0A3AA0DC2ACFBBD800DDF176 /* ContentView.swift */,
				0A3AA0DE2ACFBBDA00DDF176 /* Assets.xcassets */,
				0A3AA0E02ACFBBDA00DDF176 /* Preview Content */,
				0ADBC1062AE80BBA008639D3 /* AppDelegate.swift */,
				0ADBC1082AE80BC8008639D3 /* SceneDelegate.swift */,
			);
			path = InfiniteScrollGallery;
			sourceTree = "<group>";
		};
		0A3AA0E02ACFBBDA00DDF176 /* Preview Content */ = {
			isa = PBXGroup;
			children = (
				0A3AA0E12ACFBBDA00DDF176 /* Preview Assets.xcassets */,
			);
			path = "Preview Content";
			sourceTree = "<group>";
		};
		0A3AA0EA2ACFBBDA00DDF176 /* InfiniteScrollGalleryTests */ = {
			isa = PBXGroup;
			children = (
				0AFDE6612AD059B800871891 /* Domain */,
				0AFDE65E2AD059A000871891 /* VIewModel */,
				0AFDE6492AD0528200871891 /* Service */,
				0AFDE64F2AD0537300871891 /* Mock */,
				0AFDE64D2AD052FC00871891 /* Json Samples */,
				0AFDE64A2AD052A200871891 /* Helper */,
				0A3AA0EB2ACFBBDA00DDF176 /* InfiniteScrollGalleryTests.swift */,
			);
			path = InfiniteScrollGalleryTests;
			sourceTree = "<group>";
		};
		0A3AA0F42ACFBBDA00DDF176 /* InfiniteScrollGalleryUITests */ = {
			isa = PBXGroup;
			children = (
				0A3AA0F52ACFBBDA00DDF176 /* InfiniteScrollGalleryUITests.swift */,
				0A3AA0F72ACFBBDA00DDF176 /* InfiniteScrollGalleryUITestsLaunchTests.swift */,
			);
			path = InfiniteScrollGalleryUITests;
			sourceTree = "<group>";
		};
		0A3AA1042ACFBBFC00DDF176 /* Service */ = {
			isa = PBXGroup;
			children = (
				0A3AA1062ACFBC0700DDF176 /* Repository */,
				0A3AA1052ACFBC0100DDF176 /* Remote */,
			);
			path = Service;
			sourceTree = "<group>";
		};
		0A3AA1052ACFBC0100DDF176 /* Remote */ = {
			isa = PBXGroup;
			children = (
				0A3AA1072ACFBC2000DDF176 /* APIService.swift */,
			);
			path = Remote;
			sourceTree = "<group>";
		};
		0A3AA1062ACFBC0700DDF176 /* Repository */ = {
			isa = PBXGroup;
			children = (
				0A3AA1102ACFBFB000DDF176 /* GalleryRepository.swift */,
			);
			path = Repository;
			sourceTree = "<group>";
		};
		0A3AA1092ACFBC4300DDF176 /* Model */ = {
			isa = PBXGroup;
			children = (
				0A3AA10A2ACFBC5200DDF176 /* GalleryResponse.swift */,
				0A3AA10C2ACFBDE700DDF176 /* Pagination.swift */,
				0A3AA10E2ACFBDF300DDF176 /* Gallery.swift */,
				0AFDE6452AD0514B00871891 /* Config.swift */,
			);
			path = Model;
			sourceTree = "<group>";
		};
		0A3AA1122ACFC05900DDF176 /* Domain */ = {
			isa = PBXGroup;
			children = (
				0A3AA1132ACFC06400DDF176 /* FetchGallery.swift */,
				0AFDE6692AD109E800871891 /* SearchGallery.swift */,
			);
			path = Domain;
			sourceTree = "<group>";
		};
		0A3AA1152ACFC0D300DDF176 /* View */ = {
			isa = PBXGroup;
			children = (
				0ADBC1052AE80AFB008639D3 /* UIKit */,
				0ADBC1042AE80AED008639D3 /* SwiftUI */,
			);
			path = View;
			sourceTree = "<group>";
		};
		0A3AA1182ACFC0DE00DDF176 /* Dependency */ = {
			isa = PBXGroup;
			children = (
				0A3AA1192ACFC0F200DDF176 /* ServiceProvider.swift */,
				0AFDE67B2AD2BE5300871891 /* RepositoryProvider.swift */,
				0AFDE67D2AD2BE5B00871891 /* UsecaseProvider.swift */,
				0AFDE67F2AD2BE6300871891 /* ViewModelProvider.swift */,
			);
			path = Dependency;
			sourceTree = "<group>";
		};
		0A3AA11B2ACFC16A00DDF176 /* ViewModel */ = {
			isa = PBXGroup;
			children = (
				0A3AA11C2ACFC17500DDF176 /* GalleryViewModel.swift */,
				0AFDE66E2AD2682300871891 /* GalleryViewState.swift */,
				0AFDE6702AD26C6100871891 /* GalleryErrorState.swift */,
				0AFDE6722AD26C6A00871891 /* GalleryAction.swift */,
			);
			path = ViewModel;
			sourceTree = "<group>";
		};
		0ADBC1042AE80AED008639D3 /* SwiftUI */ = {
			isa = PBXGroup;
			children = (
				0A3AA11E2ACFC2EB00DDF176 /* GalleryView.swift */,
			);
			path = SwiftUI;
			sourceTree = "<group>";
		};
		0ADBC1052AE80AFB008639D3 /* UIKit */ = {
			isa = PBXGroup;
			children = (
				0ADBC10A2AE80C02008639D3 /* GalleryViewController.swift */,
				0ADBC10D2AE8BFBB008639D3 /* GalleryUIView.swift */,
				0ADBC10F2AE8C003008639D3 /* GalleryCell.swift */,
			);
			path = UIKit;
			sourceTree = "<group>";
		};
		0AFDE6492AD0528200871891 /* Service */ = {
			isa = PBXGroup;
			children = (
				0AFDE6472AD0525F00871891 /* ApiServiceTest.swift */,
				0AFDE6522AD0546C00871891 /* GalleryRepositoryTest.swift */,
			);
			path = Service;
			sourceTree = "<group>";
		};
		0AFDE64A2AD052A200871891 /* Helper */ = {
			isa = PBXGroup;
			children = (
				0AFDE64B2AD052A900871891 /* JsonHelper.swift */,
				0AFDE6582AD057B400871891 /* DummyBuilder.swift */,
				0AFDE65A2AD0581200871891 /* RandomStrings.swift */,
				0AFDE65C2AD058B800871891 /* PublisherResult.swift */,
			);
			path = Helper;
			sourceTree = "<group>";
		};
		0AFDE64D2AD052FC00871891 /* Json Samples */ = {
			isa = PBXGroup;
			children = (
				0AFDE64E2AD0531E00871891 /* GalleryResponse.json */,
			);
			path = "Json Samples";
			sourceTree = "<group>";
		};
		0AFDE64F2AD0537300871891 /* Mock */ = {
			isa = PBXGroup;
			children = (
				0AFDE6662AD05BE600871891 /* Domain */,
				0AFDE6552AD0575000871891 /* Service */,
				0AFDE6502AD0537E00871891 /* MockURLProtocol.swift */,
			);
			path = Mock;
			sourceTree = "<group>";
		};
		0AFDE6552AD0575000871891 /* Service */ = {
			isa = PBXGroup;
			children = (
				0AFDE6562AD0575A00871891 /* MockAPIService.swift */,
				0AFDE6642AD059CC00871891 /* MockGalleryRepository.swift */,
			);
			path = Service;
			sourceTree = "<group>";
		};
		0AFDE65E2AD059A000871891 /* VIewModel */ = {
			isa = PBXGroup;
			children = (
				0AFDE65F2AD059AA00871891 /* GalleryViewModelTest.swift */,
			);
			path = VIewModel;
			sourceTree = "<group>";
		};
		0AFDE6612AD059B800871891 /* Domain */ = {
			isa = PBXGroup;
			children = (
				0AFDE6622AD059C000871891 /* FetchGalleryTest.swift */,
				0AFDE6792AD2B5CF00871891 /* SearchGalleryTest.swift */,
			);
			path = Domain;
			sourceTree = "<group>";
		};
		0AFDE6662AD05BE600871891 /* Domain */ = {
			isa = PBXGroup;
			children = (
				0AFDE6772AD2712900871891 /* MockSearchGallery.swift */,
				0AFDE6672AD05BEF00871891 /* MockFetchGallery.swift */,
			);
			path = Domain;
			sourceTree = "<group>";
		};
		0AFDE66B2AD1196700871891 /* Extension */ = {
			isa = PBXGroup;
			children = (
				0AFDE66C2AD1197200871891 /* Array.swift */,
			);
			path = Extension;
			sourceTree = "<group>";
		};
		0AFDE6742AD26CC300871891 /* Constant */ = {
			isa = PBXGroup;
			children = (
				0AFDE6752AD26CCE00871891 /* ApiConstant.swift */,
			);
			path = Constant;
			sourceTree = "<group>";
		};
		C4716D53B8F0BD2938DCE0DD /* Frameworks */ = {
			isa = PBXGroup;
			children = (
				7799BFC9F72CB0086FF2D5C9 /* Pods_InfiniteScrollGallery.framework */,
				67063C23D286EB0FF895667C /* Pods_InfiniteScrollGallery_InfiniteScrollGalleryUITests.framework */,
				C280635BA634DC16C5DBEFC2 /* Pods_InfiniteScrollGalleryTests.framework */,
			);
			name = Frameworks;
			sourceTree = "<group>";
		};
		F36D5C023A1BDA31197184C6 /* Pods */ = {
			isa = PBXGroup;
			children = (
				F1C760B744D2A2D7A1040011 /* Pods-InfiniteScrollGallery.debug.xcconfig */,
				4D2EEBA1A74D5FC1E31604FF /* Pods-InfiniteScrollGallery.release.xcconfig */,
				89BC48C667A3CF152D898ACC /* Pods-InfiniteScrollGallery-InfiniteScrollGalleryUITests.debug.xcconfig */,
				A0CFA9A86B1EB527306B1E84 /* Pods-InfiniteScrollGallery-InfiniteScrollGalleryUITests.release.xcconfig */,
				E3FD3638C4D0CA5336073D2A /* Pods-InfiniteScrollGalleryTests.debug.xcconfig */,
				F564AC00B48529D89196CBB7 /* Pods-InfiniteScrollGalleryTests.release.xcconfig */,
			);
			path = Pods;
			sourceTree = "<group>";
		};
/* End PBXGroup section */

/* Begin PBXNativeTarget section */
		0A3AA0D62ACFBBD800DDF176 /* InfiniteScrollGallery */ = {
			isa = PBXNativeTarget;
			buildConfigurationList = 0A3AA0FB2ACFBBDA00DDF176 /* Build configuration list for PBXNativeTarget "InfiniteScrollGallery" */;
			buildPhases = (
				98EBBF4389660CFFED2CA64D /* [CP] Check Pods Manifest.lock */,
				0A3AA0D32ACFBBD800DDF176 /* Sources */,
				0A3AA0D42ACFBBD800DDF176 /* Frameworks */,
				0A3AA0D52ACFBBD800DDF176 /* Resources */,
				92EC7079EA9E354D400D7963 /* [CP] Embed Pods Frameworks */,
			);
			buildRules = (
			);
			dependencies = (
			);
			name = InfiniteScrollGallery;
			productName = InfiniteScrollGallery;
			productReference = 0A3AA0D72ACFBBD800DDF176 /* InfiniteScrollGallery.app */;
			productType = "com.apple.product-type.application";
		};
		0A3AA0E62ACFBBDA00DDF176 /* InfiniteScrollGalleryTests */ = {
			isa = PBXNativeTarget;
			buildConfigurationList = 0A3AA0FE2ACFBBDA00DDF176 /* Build configuration list for PBXNativeTarget "InfiniteScrollGalleryTests" */;
			buildPhases = (
				BE2404DF244BD08FD843874A /* [CP] Check Pods Manifest.lock */,
				0A3AA0E32ACFBBDA00DDF176 /* Sources */,
				0A3AA0E42ACFBBDA00DDF176 /* Frameworks */,
				0A3AA0E52ACFBBDA00DDF176 /* Resources */,
			);
			buildRules = (
			);
			dependencies = (
				0A3AA0E92ACFBBDA00DDF176 /* PBXTargetDependency */,
			);
			name = InfiniteScrollGalleryTests;
			productName = InfiniteScrollGalleryTests;
			productReference = 0A3AA0E72ACFBBDA00DDF176 /* InfiniteScrollGalleryTests.xctest */;
			productType = "com.apple.product-type.bundle.unit-test";
		};
		0A3AA0F02ACFBBDA00DDF176 /* InfiniteScrollGalleryUITests */ = {
			isa = PBXNativeTarget;
			buildConfigurationList = 0A3AA1012ACFBBDA00DDF176 /* Build configuration list for PBXNativeTarget "InfiniteScrollGalleryUITests" */;
			buildPhases = (
				D311756B9A79D57DC942FD88 /* [CP] Check Pods Manifest.lock */,
				0A3AA0ED2ACFBBDA00DDF176 /* Sources */,
				0A3AA0EE2ACFBBDA00DDF176 /* Frameworks */,
				0A3AA0EF2ACFBBDA00DDF176 /* Resources */,
				2F582FD105FD1CF9FE88D278 /* [CP] Embed Pods Frameworks */,
			);
			buildRules = (
			);
			dependencies = (
				0A3AA0F32ACFBBDA00DDF176 /* PBXTargetDependency */,
			);
			name = InfiniteScrollGalleryUITests;
			productName = InfiniteScrollGalleryUITests;
			productReference = 0A3AA0F12ACFBBDA00DDF176 /* InfiniteScrollGalleryUITests.xctest */;
			productType = "com.apple.product-type.bundle.ui-testing";
		};
/* End PBXNativeTarget section */

/* Begin PBXProject section */
		0A3AA0CF2ACFBBD800DDF176 /* Project object */ = {
			isa = PBXProject;
			attributes = {
				BuildIndependentTargetsInParallel = 1;
				LastSwiftUpdateCheck = 1500;
				LastUpgradeCheck = 1500;
				TargetAttributes = {
					0A3AA0D62ACFBBD800DDF176 = {
						CreatedOnToolsVersion = 15.0;
					};
					0A3AA0E62ACFBBDA00DDF176 = {
						CreatedOnToolsVersion = 15.0;
						TestTargetID = 0A3AA0D62ACFBBD800DDF176;
					};
					0A3AA0F02ACFBBDA00DDF176 = {
						CreatedOnToolsVersion = 15.0;
						TestTargetID = 0A3AA0D62ACFBBD800DDF176;
					};
				};
			};
			buildConfigurationList = 0A3AA0D22ACFBBD800DDF176 /* Build configuration list for PBXProject "InfiniteScrollGallery" */;
			compatibilityVersion = "Xcode 14.0";
			developmentRegion = en;
			hasScannedForEncodings = 0;
			knownRegions = (
				en,
				Base,
			);
			mainGroup = 0A3AA0CE2ACFBBD800DDF176;
			productRefGroup = 0A3AA0D82ACFBBD800DDF176 /* Products */;
			projectDirPath = "";
			projectRoot = "";
			targets = (
				0A3AA0D62ACFBBD800DDF176 /* InfiniteScrollGallery */,
				0A3AA0E62ACFBBDA00DDF176 /* InfiniteScrollGalleryTests */,
				0A3AA0F02ACFBBDA00DDF176 /* InfiniteScrollGalleryUITests */,
			);
		};
/* End PBXProject section */

/* Begin PBXResourcesBuildPhase section */
		0A3AA0D52ACFBBD800DDF176 /* Resources */ = {
			isa = PBXResourcesBuildPhase;
			buildActionMask = 2147483647;
			files = (
				0A3AA0E22ACFBBDA00DDF176 /* Preview Assets.xcassets in Resources */,
				0A3AA0DF2ACFBBDA00DDF176 /* Assets.xcassets in Resources */,
			);
			runOnlyForDeploymentPostprocessing = 0;
		};
		0A3AA0E52ACFBBDA00DDF176 /* Resources */ = {
			isa = PBXResourcesBuildPhase;
			buildActionMask = 2147483647;
			files = (
				0AFDE6542AD055E700871891 /* GalleryResponse.json in Resources */,
			);
			runOnlyForDeploymentPostprocessing = 0;
		};
		0A3AA0EF2ACFBBDA00DDF176 /* Resources */ = {
			isa = PBXResourcesBuildPhase;
			buildActionMask = 2147483647;
			files = (
			);
			runOnlyForDeploymentPostprocessing = 0;
		};
/* End PBXResourcesBuildPhase section */

/* Begin PBXShellScriptBuildPhase section */
		2F582FD105FD1CF9FE88D278 /* [CP] Embed Pods Frameworks */ = {
			isa = PBXShellScriptBuildPhase;
			buildActionMask = 2147483647;
			files = (
			);
			inputFileListPaths = (
				"${PODS_ROOT}/Target Support Files/Pods-InfiniteScrollGallery-InfiniteScrollGalleryUITests/Pods-InfiniteScrollGallery-InfiniteScrollGalleryUITests-frameworks-${CONFIGURATION}-input-files.xcfilelist",
			);
			name = "[CP] Embed Pods Frameworks";
			outputFileListPaths = (
				"${PODS_ROOT}/Target Support Files/Pods-InfiniteScrollGallery-InfiniteScrollGalleryUITests/Pods-InfiniteScrollGallery-InfiniteScrollGalleryUITests-frameworks-${CONFIGURATION}-output-files.xcfilelist",
			);
			runOnlyForDeploymentPostprocessing = 0;
			shellPath = /bin/sh;
			shellScript = "\"${PODS_ROOT}/Target Support Files/Pods-InfiniteScrollGallery-InfiniteScrollGalleryUITests/Pods-InfiniteScrollGallery-InfiniteScrollGalleryUITests-frameworks.sh\"\n";
			showEnvVarsInLog = 0;
		};
		92EC7079EA9E354D400D7963 /* [CP] Embed Pods Frameworks */ = {
			isa = PBXShellScriptBuildPhase;
			buildActionMask = 2147483647;
			files = (
			);
			inputFileListPaths = (
				"${PODS_ROOT}/Target Support Files/Pods-InfiniteScrollGallery/Pods-InfiniteScrollGallery-frameworks-${CONFIGURATION}-input-files.xcfilelist",
			);
			name = "[CP] Embed Pods Frameworks";
			outputFileListPaths = (
				"${PODS_ROOT}/Target Support Files/Pods-InfiniteScrollGallery/Pods-InfiniteScrollGallery-frameworks-${CONFIGURATION}-output-files.xcfilelist",
			);
			runOnlyForDeploymentPostprocessing = 0;
			shellPath = /bin/sh;
			shellScript = "\"${PODS_ROOT}/Target Support Files/Pods-InfiniteScrollGallery/Pods-InfiniteScrollGallery-frameworks.sh\"\n";
			showEnvVarsInLog = 0;
		};
		98EBBF4389660CFFED2CA64D /* [CP] Check Pods Manifest.lock */ = {
			isa = PBXShellScriptBuildPhase;
			buildActionMask = 2147483647;
			files = (
			);
			inputFileListPaths = (
			);
			inputPaths = (
				"${PODS_PODFILE_DIR_PATH}/Podfile.lock",
				"${PODS_ROOT}/Manifest.lock",
			);
			name = "[CP] Check Pods Manifest.lock";
			outputFileListPaths = (
			);
			outputPaths = (
				"$(DERIVED_FILE_DIR)/Pods-InfiniteScrollGallery-checkManifestLockResult.txt",
			);
			runOnlyForDeploymentPostprocessing = 0;
			shellPath = /bin/sh;
			shellScript = "diff \"${PODS_PODFILE_DIR_PATH}/Podfile.lock\" \"${PODS_ROOT}/Manifest.lock\" > /dev/null\nif [ $? != 0 ] ; then\n    # print error to STDERR\n    echo \"error: The sandbox is not in sync with the Podfile.lock. Run 'pod install' or update your CocoaPods installation.\" >&2\n    exit 1\nfi\n# This output is used by Xcode 'outputs' to avoid re-running this script phase.\necho \"SUCCESS\" > \"${SCRIPT_OUTPUT_FILE_0}\"\n";
			showEnvVarsInLog = 0;
		};
		BE2404DF244BD08FD843874A /* [CP] Check Pods Manifest.lock */ = {
			isa = PBXShellScriptBuildPhase;
			buildActionMask = 2147483647;
			files = (
			);
			inputFileListPaths = (
			);
			inputPaths = (
				"${PODS_PODFILE_DIR_PATH}/Podfile.lock",
				"${PODS_ROOT}/Manifest.lock",
			);
			name = "[CP] Check Pods Manifest.lock";
			outputFileListPaths = (
			);
			outputPaths = (
				"$(DERIVED_FILE_DIR)/Pods-InfiniteScrollGalleryTests-checkManifestLockResult.txt",
			);
			runOnlyForDeploymentPostprocessing = 0;
			shellPath = /bin/sh;
			shellScript = "diff \"${PODS_PODFILE_DIR_PATH}/Podfile.lock\" \"${PODS_ROOT}/Manifest.lock\" > /dev/null\nif [ $? != 0 ] ; then\n    # print error to STDERR\n    echo \"error: The sandbox is not in sync with the Podfile.lock. Run 'pod install' or update your CocoaPods installation.\" >&2\n    exit 1\nfi\n# This output is used by Xcode 'outputs' to avoid re-running this script phase.\necho \"SUCCESS\" > \"${SCRIPT_OUTPUT_FILE_0}\"\n";
			showEnvVarsInLog = 0;
		};
		D311756B9A79D57DC942FD88 /* [CP] Check Pods Manifest.lock */ = {
			isa = PBXShellScriptBuildPhase;
			buildActionMask = 2147483647;
			files = (
			);
			inputFileListPaths = (
			);
			inputPaths = (
				"${PODS_PODFILE_DIR_PATH}/Podfile.lock",
				"${PODS_ROOT}/Manifest.lock",
			);
			name = "[CP] Check Pods Manifest.lock";
			outputFileListPaths = (
			);
			outputPaths = (
				"$(DERIVED_FILE_DIR)/Pods-InfiniteScrollGallery-InfiniteScrollGalleryUITests-checkManifestLockResult.txt",
			);
			runOnlyForDeploymentPostprocessing = 0;
			shellPath = /bin/sh;
			shellScript = "diff \"${PODS_PODFILE_DIR_PATH}/Podfile.lock\" \"${PODS_ROOT}/Manifest.lock\" > /dev/null\nif [ $? != 0 ] ; then\n    # print error to STDERR\n    echo \"error: The sandbox is not in sync with the Podfile.lock. Run 'pod install' or update your CocoaPods installation.\" >&2\n    exit 1\nfi\n# This output is used by Xcode 'outputs' to avoid re-running this script phase.\necho \"SUCCESS\" > \"${SCRIPT_OUTPUT_FILE_0}\"\n";
			showEnvVarsInLog = 0;
		};
/* End PBXShellScriptBuildPhase section */

/* Begin PBXSourcesBuildPhase section */
		0A3AA0D32ACFBBD800DDF176 /* Sources */ = {
			isa = PBXSourcesBuildPhase;
			buildActionMask = 2147483647;
			files = (
				0ADBC1072AE80BBA008639D3 /* AppDelegate.swift in Sources */,
				0AFDE6762AD26CCE00871891 /* ApiConstant.swift in Sources */,
				0A3AA0DD2ACFBBD800DDF176 /* ContentView.swift in Sources */,
				0AFDE66F2AD2682300871891 /* GalleryViewState.swift in Sources */,
				0AFDE6732AD26C6A00871891 /* GalleryAction.swift in Sources */,
				0AFDE67C2AD2BE5300871891 /* RepositoryProvider.swift in Sources */,
				0ADBC1092AE80BC8008639D3 /* SceneDelegate.swift in Sources */,
				0A3AA1082ACFBC2000DDF176 /* APIService.swift in Sources */,
				0A3AA10D2ACFBDE700DDF176 /* Pagination.swift in Sources */,
				0AFDE66A2AD109E800871891 /* SearchGallery.swift in Sources */,
				0AFDE67E2AD2BE5B00871891 /* UsecaseProvider.swift in Sources */,
				0A3AA1112ACFBFB000DDF176 /* GalleryRepository.swift in Sources */,
				0A3AA0DB2ACFBBD800DDF176 /* InfiniteScrollGalleryApp.swift in Sources */,
				0AFDE6462AD0514B00871891 /* Config.swift in Sources */,
				0A3AA10F2ACFBDF300DDF176 /* Gallery.swift in Sources */,
				0A3AA11A2ACFC0F200DDF176 /* ServiceProvider.swift in Sources */,
				0ADBC1102AE8C003008639D3 /* GalleryCell.swift in Sources */,
				0AFDE66D2AD1197200871891 /* Array.swift in Sources */,
				0A3AA11D2ACFC17500DDF176 /* GalleryViewModel.swift in Sources */,
				0AFDE6802AD2BE6300871891 /* ViewModelProvider.swift in Sources */,
				0A3AA11F2ACFC2EB00DDF176 /* GalleryView.swift in Sources */,
				0AFDE6712AD26C6100871891 /* GalleryErrorState.swift in Sources */,
				0ADBC10B2AE80C02008639D3 /* GalleryViewController.swift in Sources */,
				0A3AA10B2ACFBC5200DDF176 /* GalleryResponse.swift in Sources */,
				0A3AA1142ACFC06400DDF176 /* FetchGallery.swift in Sources */,
				0ADBC10E2AE8BFBB008639D3 /* GalleryUIView.swift in Sources */,
			);
			runOnlyForDeploymentPostprocessing = 0;
		};
		0A3AA0E32ACFBBDA00DDF176 /* Sources */ = {
			isa = PBXSourcesBuildPhase;
			buildActionMask = 2147483647;
			files = (
				0AFDE6572AD0575A00871891 /* MockAPIService.swift in Sources */,
				0AFDE65B2AD0581200871891 /* RandomStrings.swift in Sources */,
				0AFDE6532AD0546C00871891 /* GalleryRepositoryTest.swift in Sources */,
				0AFDE64C2AD052A900871891 /* JsonHelper.swift in Sources */,
				0AFDE6682AD05BEF00871891 /* MockFetchGallery.swift in Sources */,
				0AFDE65D2AD058B800871891 /* PublisherResult.swift in Sources */,
				0AFDE6602AD059AA00871891 /* GalleryViewModelTest.swift in Sources */,
				0AFDE6482AD0525F00871891 /* ApiServiceTest.swift in Sources */,
				0AFDE67A2AD2B5CF00871891 /* SearchGalleryTest.swift in Sources */,
				0AFDE6782AD2712A00871891 /* MockSearchGallery.swift in Sources */,
				0A3AA0EC2ACFBBDA00DDF176 /* InfiniteScrollGalleryTests.swift in Sources */,
				0AFDE6652AD059CC00871891 /* MockGalleryRepository.swift in Sources */,
				0AFDE6592AD057B400871891 /* DummyBuilder.swift in Sources */,
				0AFDE6512AD0537E00871891 /* MockURLProtocol.swift in Sources */,
				0AFDE6632AD059C000871891 /* FetchGalleryTest.swift in Sources */,
			);
			runOnlyForDeploymentPostprocessing = 0;
		};
		0A3AA0ED2ACFBBDA00DDF176 /* Sources */ = {
			isa = PBXSourcesBuildPhase;
			buildActionMask = 2147483647;
			files = (
				0A3AA0F82ACFBBDA00DDF176 /* InfiniteScrollGalleryUITestsLaunchTests.swift in Sources */,
				0A3AA0F62ACFBBDA00DDF176 /* InfiniteScrollGalleryUITests.swift in Sources */,
			);
			runOnlyForDeploymentPostprocessing = 0;
		};
/* End PBXSourcesBuildPhase section */

/* Begin PBXTargetDependency section */
		0A3AA0E92ACFBBDA00DDF176 /* PBXTargetDependency */ = {
			isa = PBXTargetDependency;
			target = 0A3AA0D62ACFBBD800DDF176 /* InfiniteScrollGallery */;
			targetProxy = 0A3AA0E82ACFBBDA00DDF176 /* PBXContainerItemProxy */;
		};
		0A3AA0F32ACFBBDA00DDF176 /* PBXTargetDependency */ = {
			isa = PBXTargetDependency;
			target = 0A3AA0D62ACFBBD800DDF176 /* InfiniteScrollGallery */;
			targetProxy = 0A3AA0F22ACFBBDA00DDF176 /* PBXContainerItemProxy */;
		};
/* End PBXTargetDependency section */

/* Begin XCBuildConfiguration section */
		0A3AA0F92ACFBBDA00DDF176 /* Debug */ = {
			isa = XCBuildConfiguration;
			buildSettings = {
				ALWAYS_SEARCH_USER_PATHS = NO;
				ASSETCATALOG_COMPILER_GENERATE_SWIFT_ASSET_SYMBOL_EXTENSIONS = YES;
				CLANG_ANALYZER_NONNULL = YES;
				CLANG_ANALYZER_NUMBER_OBJECT_CONVERSION = YES_AGGRESSIVE;
				CLANG_CXX_LANGUAGE_STANDARD = "gnu++20";
				CLANG_ENABLE_MODULES = YES;
				CLANG_ENABLE_OBJC_ARC = YES;
				CLANG_ENABLE_OBJC_WEAK = YES;
				CLANG_WARN_BLOCK_CAPTURE_AUTORELEASING = YES;
				CLANG_WARN_BOOL_CONVERSION = YES;
				CLANG_WARN_COMMA = YES;
				CLANG_WARN_CONSTANT_CONVERSION = YES;
				CLANG_WARN_DEPRECATED_OBJC_IMPLEMENTATIONS = YES;
				CLANG_WARN_DIRECT_OBJC_ISA_USAGE = YES_ERROR;
				CLANG_WARN_DOCUMENTATION_COMMENTS = YES;
				CLANG_WARN_EMPTY_BODY = YES;
				CLANG_WARN_ENUM_CONVERSION = YES;
				CLANG_WARN_INFINITE_RECURSION = YES;
				CLANG_WARN_INT_CONVERSION = YES;
				CLANG_WARN_NON_LITERAL_NULL_CONVERSION = YES;
				CLANG_WARN_OBJC_IMPLICIT_RETAIN_SELF = YES;
				CLANG_WARN_OBJC_LITERAL_CONVERSION = YES;
				CLANG_WARN_OBJC_ROOT_CLASS = YES_ERROR;
				CLANG_WARN_QUOTED_INCLUDE_IN_FRAMEWORK_HEADER = YES;
				CLANG_WARN_RANGE_LOOP_ANALYSIS = YES;
				CLANG_WARN_STRICT_PROTOTYPES = YES;
				CLANG_WARN_SUSPICIOUS_MOVE = YES;
				CLANG_WARN_UNGUARDED_AVAILABILITY = YES_AGGRESSIVE;
				CLANG_WARN_UNREACHABLE_CODE = YES;
				CLANG_WARN__DUPLICATE_METHOD_MATCH = YES;
				COPY_PHASE_STRIP = NO;
				DEBUG_INFORMATION_FORMAT = dwarf;
				ENABLE_STRICT_OBJC_MSGSEND = YES;
				ENABLE_TESTABILITY = YES;
				ENABLE_USER_SCRIPT_SANDBOXING = NO;
				GCC_C_LANGUAGE_STANDARD = gnu17;
				GCC_DYNAMIC_NO_PIC = NO;
				GCC_NO_COMMON_BLOCKS = YES;
				GCC_OPTIMIZATION_LEVEL = 0;
				GCC_PREPROCESSOR_DEFINITIONS = (
					"DEBUG=1",
					"$(inherited)",
				);
				GCC_WARN_64_TO_32_BIT_CONVERSION = YES;
				GCC_WARN_ABOUT_RETURN_TYPE = YES_ERROR;
				GCC_WARN_UNDECLARED_SELECTOR = YES;
				GCC_WARN_UNINITIALIZED_AUTOS = YES_AGGRESSIVE;
				GCC_WARN_UNUSED_FUNCTION = YES;
				GCC_WARN_UNUSED_VARIABLE = YES;
				IPHONEOS_DEPLOYMENT_TARGET = 15.0;
				LOCALIZATION_PREFERS_STRING_CATALOGS = YES;
				MTL_ENABLE_DEBUG_INFO = INCLUDE_SOURCE;
				MTL_FAST_MATH = YES;
				ONLY_ACTIVE_ARCH = YES;
				SDKROOT = iphoneos;
				SWIFT_ACTIVE_COMPILATION_CONDITIONS = "DEBUG $(inherited)";
				SWIFT_OPTIMIZATION_LEVEL = "-Onone";
			};
			name = Debug;
		};
		0A3AA0FA2ACFBBDA00DDF176 /* Release */ = {
			isa = XCBuildConfiguration;
			buildSettings = {
				ALWAYS_SEARCH_USER_PATHS = NO;
				ASSETCATALOG_COMPILER_GENERATE_SWIFT_ASSET_SYMBOL_EXTENSIONS = YES;
				CLANG_ANALYZER_NONNULL = YES;
				CLANG_ANALYZER_NUMBER_OBJECT_CONVERSION = YES_AGGRESSIVE;
				CLANG_CXX_LANGUAGE_STANDARD = "gnu++20";
				CLANG_ENABLE_MODULES = YES;
				CLANG_ENABLE_OBJC_ARC = YES;
				CLANG_ENABLE_OBJC_WEAK = YES;
				CLANG_WARN_BLOCK_CAPTURE_AUTORELEASING = YES;
				CLANG_WARN_BOOL_CONVERSION = YES;
				CLANG_WARN_COMMA = YES;
				CLANG_WARN_CONSTANT_CONVERSION = YES;
				CLANG_WARN_DEPRECATED_OBJC_IMPLEMENTATIONS = YES;
				CLANG_WARN_DIRECT_OBJC_ISA_USAGE = YES_ERROR;
				CLANG_WARN_DOCUMENTATION_COMMENTS = YES;
				CLANG_WARN_EMPTY_BODY = YES;
				CLANG_WARN_ENUM_CONVERSION = YES;
				CLANG_WARN_INFINITE_RECURSION = YES;
				CLANG_WARN_INT_CONVERSION = YES;
				CLANG_WARN_NON_LITERAL_NULL_CONVERSION = YES;
				CLANG_WARN_OBJC_IMPLICIT_RETAIN_SELF = YES;
				CLANG_WARN_OBJC_LITERAL_CONVERSION = YES;
				CLANG_WARN_OBJC_ROOT_CLASS = YES_ERROR;
				CLANG_WARN_QUOTED_INCLUDE_IN_FRAMEWORK_HEADER = YES;
				CLANG_WARN_RANGE_LOOP_ANALYSIS = YES;
				CLANG_WARN_STRICT_PROTOTYPES = YES;
				CLANG_WARN_SUSPICIOUS_MOVE = YES;
				CLANG_WARN_UNGUARDED_AVAILABILITY = YES_AGGRESSIVE;
				CLANG_WARN_UNREACHABLE_CODE = YES;
				CLANG_WARN__DUPLICATE_METHOD_MATCH = YES;
				COPY_PHASE_STRIP = NO;
				DEBUG_INFORMATION_FORMAT = "dwarf-with-dsym";
				ENABLE_NS_ASSERTIONS = NO;
				ENABLE_STRICT_OBJC_MSGSEND = YES;
				ENABLE_USER_SCRIPT_SANDBOXING = NO;
				GCC_C_LANGUAGE_STANDARD = gnu17;
				GCC_NO_COMMON_BLOCKS = YES;
				GCC_WARN_64_TO_32_BIT_CONVERSION = YES;
				GCC_WARN_ABOUT_RETURN_TYPE = YES_ERROR;
				GCC_WARN_UNDECLARED_SELECTOR = YES;
				GCC_WARN_UNINITIALIZED_AUTOS = YES_AGGRESSIVE;
				GCC_WARN_UNUSED_FUNCTION = YES;
				GCC_WARN_UNUSED_VARIABLE = YES;
				IPHONEOS_DEPLOYMENT_TARGET = 15.0;
				LOCALIZATION_PREFERS_STRING_CATALOGS = YES;
				MTL_ENABLE_DEBUG_INFO = NO;
				MTL_FAST_MATH = YES;
				SDKROOT = iphoneos;
				SWIFT_COMPILATION_MODE = wholemodule;
				VALIDATE_PRODUCT = YES;
			};
			name = Release;
		};
		0A3AA0FC2ACFBBDA00DDF176 /* Debug */ = {
			isa = XCBuildConfiguration;
			baseConfigurationReference = F1C760B744D2A2D7A1040011 /* Pods-InfiniteScrollGallery.debug.xcconfig */;
			buildSettings = {
				ASSETCATALOG_COMPILER_APPICON_NAME = AppIcon;
				ASSETCATALOG_COMPILER_GLOBAL_ACCENT_COLOR_NAME = AccentColor;
				CODE_SIGN_STYLE = Automatic;
				CURRENT_PROJECT_VERSION = 1;
				DEVELOPMENT_ASSET_PATHS = "\"InfiniteScrollGallery/Preview Content\"";
				DEVELOPMENT_TEAM = 25X49278XB;
				ENABLE_PREVIEWS = YES;
				GENERATE_INFOPLIST_FILE = YES;
				INFOPLIST_FILE = InfiniteScrollGallery/Info.plist;
				INFOPLIST_KEY_UIApplicationSupportsIndirectInputEvents = YES;
				INFOPLIST_KEY_UILaunchScreen_Generation = YES;
				INFOPLIST_KEY_UISupportedInterfaceOrientations_iPad = "UIInterfaceOrientationPortrait UIInterfaceOrientationPortraitUpsideDown UIInterfaceOrientationLandscapeLeft UIInterfaceOrientationLandscapeRight";
				INFOPLIST_KEY_UISupportedInterfaceOrientations_iPhone = "UIInterfaceOrientationPortrait UIInterfaceOrientationLandscapeLeft UIInterfaceOrientationLandscapeRight";
				LD_RUNPATH_SEARCH_PATHS = (
					"$(inherited)",
					"@executable_path/Frameworks",
				);
				MARKETING_VERSION = 1.0;
				PRODUCT_BUNDLE_IDENTIFIER = id.liauli.InfiniteScrollGallery;
				PRODUCT_NAME = "$(TARGET_NAME)";
				SWIFT_EMIT_LOC_STRINGS = YES;
				SWIFT_VERSION = 5.0;
				TARGETED_DEVICE_FAMILY = "1,2";
			};
			name = Debug;
		};
		0A3AA0FD2ACFBBDA00DDF176 /* Release */ = {
			isa = XCBuildConfiguration;
			baseConfigurationReference = 4D2EEBA1A74D5FC1E31604FF /* Pods-InfiniteScrollGallery.release.xcconfig */;
			buildSettings = {
				ASSETCATALOG_COMPILER_APPICON_NAME = AppIcon;
				ASSETCATALOG_COMPILER_GLOBAL_ACCENT_COLOR_NAME = AccentColor;
				CODE_SIGN_STYLE = Automatic;
				CURRENT_PROJECT_VERSION = 1;
				DEVELOPMENT_ASSET_PATHS = "\"InfiniteScrollGallery/Preview Content\"";
				DEVELOPMENT_TEAM = 25X49278XB;
				ENABLE_PREVIEWS = YES;
				GENERATE_INFOPLIST_FILE = YES;
				INFOPLIST_FILE = InfiniteScrollGallery/Info.plist;
				INFOPLIST_KEY_UIApplicationSupportsIndirectInputEvents = YES;
				INFOPLIST_KEY_UILaunchScreen_Generation = YES;
				INFOPLIST_KEY_UISupportedInterfaceOrientations_iPad = "UIInterfaceOrientationPortrait UIInterfaceOrientationPortraitUpsideDown UIInterfaceOrientationLandscapeLeft UIInterfaceOrientationLandscapeRight";
				INFOPLIST_KEY_UISupportedInterfaceOrientations_iPhone = "UIInterfaceOrientationPortrait UIInterfaceOrientationLandscapeLeft UIInterfaceOrientationLandscapeRight";
				LD_RUNPATH_SEARCH_PATHS = (
					"$(inherited)",
					"@executable_path/Frameworks",
				);
				MARKETING_VERSION = 1.0;
				PRODUCT_BUNDLE_IDENTIFIER = id.liauli.InfiniteScrollGallery;
				PRODUCT_NAME = "$(TARGET_NAME)";
				SWIFT_EMIT_LOC_STRINGS = YES;
				SWIFT_VERSION = 5.0;
				TARGETED_DEVICE_FAMILY = "1,2";
			};
			name = Release;
		};
		0A3AA0FF2ACFBBDA00DDF176 /* Debug */ = {
			isa = XCBuildConfiguration;
			baseConfigurationReference = E3FD3638C4D0CA5336073D2A /* Pods-InfiniteScrollGalleryTests.debug.xcconfig */;
			buildSettings = {
				ALWAYS_EMBED_SWIFT_STANDARD_LIBRARIES = YES;
				BUNDLE_LOADER = "$(TEST_HOST)";
				CODE_SIGN_STYLE = Automatic;
				CURRENT_PROJECT_VERSION = 1;
				DEVELOPMENT_TEAM = 25X49278XB;
				GENERATE_INFOPLIST_FILE = YES;
				IPHONEOS_DEPLOYMENT_TARGET = 17.0;
				MARKETING_VERSION = 1.0;
				PRODUCT_BUNDLE_IDENTIFIER = id.liauli.InfiniteScrollGalleryTests;
				PRODUCT_NAME = "$(TARGET_NAME)";
				SWIFT_EMIT_LOC_STRINGS = NO;
				SWIFT_VERSION = 5.0;
				TARGETED_DEVICE_FAMILY = "1,2";
				TEST_HOST = "$(BUILT_PRODUCTS_DIR)/InfiniteScrollGallery.app/$(BUNDLE_EXECUTABLE_FOLDER_PATH)/InfiniteScrollGallery";
			};
			name = Debug;
		};
		0A3AA1002ACFBBDA00DDF176 /* Release */ = {
			isa = XCBuildConfiguration;
			baseConfigurationReference = F564AC00B48529D89196CBB7 /* Pods-InfiniteScrollGalleryTests.release.xcconfig */;
			buildSettings = {
				ALWAYS_EMBED_SWIFT_STANDARD_LIBRARIES = YES;
				BUNDLE_LOADER = "$(TEST_HOST)";
				CODE_SIGN_STYLE = Automatic;
				CURRENT_PROJECT_VERSION = 1;
				DEVELOPMENT_TEAM = 25X49278XB;
				GENERATE_INFOPLIST_FILE = YES;
				IPHONEOS_DEPLOYMENT_TARGET = 17.0;
				MARKETING_VERSION = 1.0;
				PRODUCT_BUNDLE_IDENTIFIER = id.liauli.InfiniteScrollGalleryTests;
				PRODUCT_NAME = "$(TARGET_NAME)";
				SWIFT_EMIT_LOC_STRINGS = NO;
				SWIFT_VERSION = 5.0;
				TARGETED_DEVICE_FAMILY = "1,2";
				TEST_HOST = "$(BUILT_PRODUCTS_DIR)/InfiniteScrollGallery.app/$(BUNDLE_EXECUTABLE_FOLDER_PATH)/InfiniteScrollGallery";
			};
			name = Release;
		};
		0A3AA1022ACFBBDA00DDF176 /* Debug */ = {
			isa = XCBuildConfiguration;
			baseConfigurationReference = 89BC48C667A3CF152D898ACC /* Pods-InfiniteScrollGallery-InfiniteScrollGalleryUITests.debug.xcconfig */;
			buildSettings = {
				ALWAYS_EMBED_SWIFT_STANDARD_LIBRARIES = YES;
				CODE_SIGN_STYLE = Automatic;
				CURRENT_PROJECT_VERSION = 1;
				DEVELOPMENT_TEAM = 25X49278XB;
				GENERATE_INFOPLIST_FILE = YES;
				MARKETING_VERSION = 1.0;
				PRODUCT_BUNDLE_IDENTIFIER = id.liauli.InfiniteScrollGalleryUITests;
				PRODUCT_NAME = "$(TARGET_NAME)";
				SWIFT_EMIT_LOC_STRINGS = NO;
				SWIFT_VERSION = 5.0;
				TARGETED_DEVICE_FAMILY = "1,2";
				TEST_TARGET_NAME = InfiniteScrollGallery;
			};
			name = Debug;
		};
		0A3AA1032ACFBBDA00DDF176 /* Release */ = {
			isa = XCBuildConfiguration;
			baseConfigurationReference = A0CFA9A86B1EB527306B1E84 /* Pods-InfiniteScrollGallery-InfiniteScrollGalleryUITests.release.xcconfig */;
			buildSettings = {
				ALWAYS_EMBED_SWIFT_STANDARD_LIBRARIES = YES;
				CODE_SIGN_STYLE = Automatic;
				CURRENT_PROJECT_VERSION = 1;
				DEVELOPMENT_TEAM = 25X49278XB;
				GENERATE_INFOPLIST_FILE = YES;
				MARKETING_VERSION = 1.0;
				PRODUCT_BUNDLE_IDENTIFIER = id.liauli.InfiniteScrollGalleryUITests;
				PRODUCT_NAME = "$(TARGET_NAME)";
				SWIFT_EMIT_LOC_STRINGS = NO;
				SWIFT_VERSION = 5.0;
				TARGETED_DEVICE_FAMILY = "1,2";
				TEST_TARGET_NAME = InfiniteScrollGallery;
			};
			name = Release;
		};
/* End XCBuildConfiguration section */

/* Begin XCConfigurationList section */
		0A3AA0D22ACFBBD800DDF176 /* Build configuration list for PBXProject "InfiniteScrollGallery" */ = {
			isa = XCConfigurationList;
			buildConfigurations = (
				0A3AA0F92ACFBBDA00DDF176 /* Debug */,
				0A3AA0FA2ACFBBDA00DDF176 /* Release */,
			);
			defaultConfigurationIsVisible = 0;
			defaultConfigurationName = Release;
		};
		0A3AA0FB2ACFBBDA00DDF176 /* Build configuration list for PBXNativeTarget "InfiniteScrollGallery" */ = {
			isa = XCConfigurationList;
			buildConfigurations = (
				0A3AA0FC2ACFBBDA00DDF176 /* Debug */,
				0A3AA0FD2ACFBBDA00DDF176 /* Release */,
			);
			defaultConfigurationIsVisible = 0;
			defaultConfigurationName = Release;
		};
		0A3AA0FE2ACFBBDA00DDF176 /* Build configuration list for PBXNativeTarget "InfiniteScrollGalleryTests" */ = {
			isa = XCConfigurationList;
			buildConfigurations = (
				0A3AA0FF2ACFBBDA00DDF176 /* Debug */,
				0A3AA1002ACFBBDA00DDF176 /* Release */,
			);
			defaultConfigurationIsVisible = 0;
			defaultConfigurationName = Release;
		};
		0A3AA1012ACFBBDA00DDF176 /* Build configuration list for PBXNativeTarget "InfiniteScrollGalleryUITests" */ = {
			isa = XCConfigurationList;
			buildConfigurations = (
				0A3AA1022ACFBBDA00DDF176 /* Debug */,
				0A3AA1032ACFBBDA00DDF176 /* Release */,
			);
			defaultConfigurationIsVisible = 0;
			defaultConfigurationName = Release;
		};
/* End XCConfigurationList section */
	};
	rootObject = 0A3AA0CF2ACFBBD800DDF176 /* Project object */;
}
